
Microsoft Visual Studio Solution File, Format Version 12.00
# Visual Studio Version 16
VisualStudioVersion = 16.0.30011.22
MinimumVisualStudioVersion = 10.0.40219.1
Project("{8BC9CEB8-8B4A-11D0-8D11-00A0C91BC942}") = "chapter 3 drill", "chapter 3 drill\chapter 3 drill.vcxproj", "{00C32FD8-D005-4EE7-AC2A-FE8D34808246}"
EndProject
Project("{8BC9CEB8-8B4A-11D0-8D11-00A0C91BC942}") = "chapter 4 drill", "chapter 4 drill\chapter 4 drill.vcxproj", "{A0258FF5-D77B-48FA-AFBE-322501163AD8}"
EndProject
Project("{8BC9CEB8-8B4A-11D0-8D11-00A0C91BC942}") = "chapter 5 drill", "chapter 5 drill\chapter 5 drill.vcxproj", "{DF77CF59-ADE4-4608-A786-AD2CB2B54775}"
EndProject
Project("{8BC9CEB8-8B4A-11D0-8D11-00A0C91BC942}") = "chapter 6 drill", "chapter 6 drill\chapter 6 drill.vcxproj", "{4C688FC2-3A65-4D14-9A00-B1B1BE32B32E}"
EndProject
Project("{8BC9CEB8-8B4A-11D0-8D11-00A0C91BC942}") = "chapter 7 drill", "chapter 7 drill\chapter 7 drill.vcxproj", "{36CFAEA0-F4EA-439B-84BE-15C091FDB6D2}"
EndProject
Project("{8BC9CEB8-8B4A-11D0-8D11-00A0C91BC942}") = "chapter 8 drill", "chapter 8 drill\chapter 8 drill.vcxproj", "{97422763-C50E-47B1-9497-8DE99FB09295}"
EndProject
Project("{8BC9CEB8-8B4A-11D0-8D11-00A0C91BC942}") = "chapter 8 drill 2", "chapter 8 drill 2\chapter 8 drill 2.vcxproj", "{F821C149-6D31-49B6-B897-65F3BFBBBCF5}"
EndProject
Project("{8BC9CEB8-8B4A-11D0-8D11-00A0C91BC942}") = "chapter 9 drill", "chapter 9 drill\chapter 9 drill.vcxproj", "{31461E6B-5648-4397-8CB3-B2D6E5F69590}"
EndProject
Project("{8BC9CEB8-8B4A-11D0-8D11-00A0C91BC942}") = "chapter 9 drill extra", "chapter 9 drill extra\chapter 9 drill extra.vcxproj", "{DE1D8065-213E-4B9A-BB9C-5F7120ACBAF5}"
EndProject
Global
	GlobalSection(SolutionConfigurationPlatforms) = preSolution
		Debug|x64 = Debug|x64
		Debug|x86 = Debug|x86
		Release|x64 = Release|x64
		Release|x86 = Release|x86
	EndGlobalSection
	GlobalSection(ProjectConfigurationPlatforms) = postSolution
		{00C32FD8-D005-4EE7-AC2A-FE8D34808246}.Debug|x64.ActiveCfg = Debug|x64
		{00C32FD8-D005-4EE7-AC2A-FE8D34808246}.Debug|x64.Build.0 = Debug|x64
		{00C32FD8-D005-4EE7-AC2A-FE8D34808246}.Debug|x86.ActiveCfg = Debug|Win32
		{00C32FD8-D005-4EE7-AC2A-FE8D34808246}.Debug|x86.Build.0 = Debug|Win32
		{00C32FD8-D005-4EE7-AC2A-FE8D34808246}.Release|x64.ActiveCfg = Release|x64
		{00C32FD8-D005-4EE7-AC2A-FE8D34808246}.Release|x64.Build.0 = Release|x64
		{00C32FD8-D005-4EE7-AC2A-FE8D34808246}.Release|x86.ActiveCfg = Release|Win32
		{00C32FD8-D005-4EE7-AC2A-FE8D34808246}.Release|x86.Build.0 = Release|Win32
		{A0258FF5-D77B-48FA-AFBE-322501163AD8}.Debug|x64.ActiveCfg = Debug|x64
		{A0258FF5-D77B-48FA-AFBE-322501163AD8}.Debug|x64.Build.0 = Debug|x64
		{A0258FF5-D77B-48FA-AFBE-322501163AD8}.Debug|x86.ActiveCfg = Debug|Win32
		{A0258FF5-D77B-48FA-AFBE-322501163AD8}.Debug|x86.Build.0 = Debug|Win32
		{A0258FF5-D77B-48FA-AFBE-322501163AD8}.Release|x64.ActiveCfg = Release|x64
		{A0258FF5-D77B-48FA-AFBE-322501163AD8}.Release|x64.Build.0 = Release|x64
		{A0258FF5-D77B-48FA-AFBE-322501163AD8}.Release|x86.ActiveCfg = Release|Win32
		{A0258FF5-D77B-48FA-AFBE-322501163AD8}.Release|x86.Build.0 = Release|Win32
		{DF77CF59-ADE4-4608-A786-AD2CB2B54775}.Debug|x64.ActiveCfg = Debug|x64
		{DF77CF59-ADE4-4608-A786-AD2CB2B54775}.Debug|x64.Build.0 = Debug|x64
		{DF77CF59-ADE4-4608-A786-AD2CB2B54775}.Debug|x86.ActiveCfg = Debug|Win32
		{DF77CF59-ADE4-4608-A786-AD2CB2B54775}.Debug|x86.Build.0 = Debug|Win32
		{DF77CF59-ADE4-4608-A786-AD2CB2B54775}.Release|x64.ActiveCfg = Release|x64
		{DF77CF59-ADE4-4608-A786-AD2CB2B54775}.Release|x64.Build.0 = Release|x64
		{DF77CF59-ADE4-4608-A786-AD2CB2B54775}.Release|x86.ActiveCfg = Release|Win32
		{DF77CF59-ADE4-4608-A786-AD2CB2B54775}.Release|x86.Build.0 = Release|Win32
		{4C688FC2-3A65-4D14-9A00-B1B1BE32B32E}.Debug|x64.ActiveCfg = Debug|x64
		{4C688FC2-3A65-4D14-9A00-B1B1BE32B32E}.Debug|x64.Build.0 = Debug|x64
		{4C688FC2-3A65-4D14-9A00-B1B1BE32B32E}.Debug|x86.ActiveCfg = Debug|Win32
		{4C688FC2-3A65-4D14-9A00-B1B1BE32B32E}.Debug|x86.Build.0 = Debug|Win32
		{4C688FC2-3A65-4D14-9A00-B1B1BE32B32E}.Release|x64.ActiveCfg = Release|x64
		{4C688FC2-3A65-4D14-9A00-B1B1BE32B32E}.Release|x64.Build.0 = Release|x64
		{4C688FC2-3A65-4D14-9A00-B1B1BE32B32E}.Release|x86.ActiveCfg = Release|Win32
		{4C688FC2-3A65-4D14-9A00-B1B1BE32B32E}.Release|x86.Build.0 = Release|Win32
		{36CFAEA0-F4EA-439B-84BE-15C091FDB6D2}.Debug|x64.ActiveCfg = Debug|x64
		{36CFAEA0-F4EA-439B-84BE-15C091FDB6D2}.Debug|x64.Build.0 = Debug|x64
		{36CFAEA0-F4EA-439B-84BE-15C091FDB6D2}.Debug|x86.ActiveCfg = Debug|Win32
		{36CFAEA0-F4EA-439B-84BE-15C091FDB6D2}.Debug|x86.Build.0 = Debug|Win32
		{36CFAEA0-F4EA-439B-84BE-15C091FDB6D2}.Release|x64.ActiveCfg = Release|x64
		{36CFAEA0-F4EA-439B-84BE-15C091FDB6D2}.Release|x64.Build.0 = Release|x64
		{36CFAEA0-F4EA-439B-84BE-15C091FDB6D2}.Release|x86.ActiveCfg = Release|Win32
		{36CFAEA0-F4EA-439B-84BE-15C091FDB6D2}.Release|x86.Build.0 = Release|Win32
		{97422763-C50E-47B1-9497-8DE99FB09295}.Debug|x64.ActiveCfg = Debug|x64
		{97422763-C50E-47B1-9497-8DE99FB09295}.Debug|x64.Build.0 = Debug|x64
		{97422763-C50E-47B1-9497-8DE99FB09295}.Debug|x86.ActiveCfg = Debug|Win32
		{97422763-C50E-47B1-9497-8DE99FB09295}.Debug|x86.Build.0 = Debug|Win32
		{97422763-C50E-47B1-9497-8DE99FB09295}.Release|x64.ActiveCfg = Release|x64
		{97422763-C50E-47B1-9497-8DE99FB09295}.Release|x64.Build.0 = Release|x64
		{97422763-C50E-47B1-9497-8DE99FB09295}.Release|x86.ActiveCfg = Release|Win32
		{97422763-C50E-47B1-9497-8DE99FB09295}.Release|x86.Build.0 = Release|Win32
		{F821C149-6D31-49B6-B897-65F3BFBBBCF5}.Debug|x64.ActiveCfg = Debug|x64
		{F821C149-6D31-49B6-B897-65F3BFBBBCF5}.Debug|x64.Build.0 = Debug|x64
		{F821C149-6D31-49B6-B897-65F3BFBBBCF5}.Debug|x86.ActiveCfg = Debug|Win32
		{F821C149-6D31-49B6-B897-65F3BFBBBCF5}.Debug|x86.Build.0 = Debug|Win32
		{F821C149-6D31-49B6-B897-65F3BFBBBCF5}.Release|x64.ActiveCfg = Release|x64
		{F821C149-6D31-49B6-B897-65F3BFBBBCF5}.Release|x64.Build.0 = Release|x64
		{F821C149-6D31-49B6-B897-65F3BFBBBCF5}.Release|x86.ActiveCfg = Release|Win32
		{F821C149-6D31-49B6-B897-65F3BFBBBCF5}.Release|x86.Build.0 = Release|Win32
		{31461E6B-5648-4397-8CB3-B2D6E5F69590}.Debug|x64.ActiveCfg = Debug|x64
		{31461E6B-5648-4397-8CB3-B2D6E5F69590}.Debug|x64.Build.0 = Debug|x64
		{31461E6B-5648-4397-8CB3-B2D6E5F69590}.Debug|x86.ActiveCfg = Debug|Win32
		{31461E6B-5648-4397-8CB3-B2D6E5F69590}.Debug|x86.Build.0 = Debug|Win32
		{31461E6B-5648-4397-8CB3-B2D6E5F69590}.Release|x64.ActiveCfg = Release|x64
		{31461E6B-5648-4397-8CB3-B2D6E5F69590}.Release|x64.Build.0 = Release|x64
		{31461E6B-5648-4397-8CB3-B2D6E5F69590}.Release|x86.ActiveCfg = Release|Win32
		{31461E6B-5648-4397-8CB3-B2D6E5F69590}.Release|x86.Build.0 = Release|Win32
		{DE1D8065-213E-4B9A-BB9C-5F7120ACBAF5}.Debug|x64.ActiveCfg = Debug|x64
		{DE1D8065-213E-4B9A-BB9C-5F7120ACBAF5}.Debug|x64.Build.0 = Debug|x64
		{DE1D8065-213E-4B9A-BB9C-5F7120ACBAF5}.Debug|x86.ActiveCfg = Debug|Win32
		{DE1D8065-213E-4B9A-BB9C-5F7120ACBAF5}.Debug|x86.Build.0 = Debug|Win32
		{DE1D8065-213E-4B9A-BB9C-5F7120ACBAF5}.Release|x64.ActiveCfg = Release|x64
		{DE1D8065-213E-4B9A-BB9C-5F7120ACBAF5}.Release|x64.Build.0 = Release|x64
		{DE1D8065-213E-4B9A-BB9C-5F7120ACBAF5}.Release|x86.ActiveCfg = Release|Win32
		{DE1D8065-213E-4B9A-BB9C-5F7120ACBAF5}.Release|x86.Build.0 = Release|Win32
	EndGlobalSection
	GlobalSection(SolutionProperties) = preSolution
		HideSolutionNode = FALSE
	EndGlobalSection
	GlobalSection(ExtensibilityGlobals) = postSolution
		SolutionGuid = {EE12311C-8D99-4F71-ABB0-73719BD345E6}
	EndGlobalSection
EndGlobal
